
Microsoft Visual Studio Solution File, Format Version 12.00
# Visual Studio Version 16
VisualStudioVersion = 16.0.30804.86
MinimumVisualStudioVersion = 10.0.40219.1
Project("{FAE04EC0-301F-11D3-BF4B-00C04F79EFBC}") = "AcademicCalendar", "AcademicCalendar\AcademicCalendar.csproj", "{0BF7479D-1D9B-48B9-A912-F8CA1E91005E}"
EndProject
Global
	GlobalSection(SolutionConfigurationPlatforms) = preSolution
		Debug|Any CPU = Debug|Any CPU
		Release|Any CPU = Release|Any CPU
	EndGlobalSection
	GlobalSection(ProjectConfigurationPlatforms) = postSolution
		{0BF7479D-1D9B-48B9-A912-F8CA1E91005E}.Debug|Any CPU.ActiveCfg = Debug|Any CPU
		{0BF7479D-1D9B-48B9-A912-F8CA1E91005E}.Debug|Any CPU.Build.0 = Debug|Any CPU
		{0BF7479D-1D9B-48B9-A912-F8CA1E91005E}.Release|Any CPU.ActiveCfg = Release|Any CPU
		{0BF7479D-1D9B-48B9-A912-F8CA1E91005E}.Release|Any CPU.Build.0 = Release|Any CPU
	EndGlobalSection
	GlobalSection(SolutionProperties) = preSolution
		HideSolutionNode = FALSE
	EndGlobalSection
	GlobalSection(ExtensibilityGlobals) = postSolution
		SolutionGuid = {F998DE89-33DE-464F-9F7A-586613DF9BC9}
	EndGlobalSection
EndGlobal
